// !$*UTF8*$!
{
	archiveVersion = 1;
	classes = {
	};
	objectVersion = 46;
	objects = {

/* Begin PBXBuildFile section */
		6693494B1B4278D2007482C8 /* main.m in Sources */ = {isa = PBXBuildFile; fileRef = 6693494A1B4278D2007482C8 /* main.m */; };
		6693494E1B4278D2007482C8 /* AppDelegate.m in Sources */ = {isa = PBXBuildFile; fileRef = 6693494D1B4278D2007482C8 /* AppDelegate.m */; };
		669349511B4278D2007482C8 /* ViewController.m in Sources */ = {isa = PBXBuildFile; fileRef = 669349501B4278D2007482C8 /* ViewController.m */; };
		669349541B4278D2007482C8 /* Main.storyboard in Resources */ = {isa = PBXBuildFile; fileRef = 669349521B4278D2007482C8 /* Main.storyboard */; };
		669349561B4278D2007482C8 /* Images.xcassets in Resources */ = {isa = PBXBuildFile; fileRef = 669349551B4278D2007482C8 /* Images.xcassets */; };
		669349591B4278D2007482C8 /* LaunchScreen.xib in Resources */ = {isa = PBXBuildFile; fileRef = 669349571B4278D2007482C8 /* LaunchScreen.xib */; };
		669349651B4278D2007482C8 /* FanAnimationTollTests.m in Sources */ = {isa = PBXBuildFile; fileRef = 669349641B4278D2007482C8 /* FanAnimationTollTests.m */; };
		669349711B427922007482C8 /* FanAnimationToll.m in Sources */ = {isa = PBXBuildFile; fileRef = 669349701B427922007482C8 /* FanAnimationToll.m */; };
		669349751B427A1E007482C8 /* 1@2x.png in Resources */ = {isa = PBXBuildFile; fileRef = 669349731B427A1E007482C8 /* 1@2x.png */; };
		669349761B427A1E007482C8 /* rotation@2x.png in Resources */ = {isa = PBXBuildFile; fileRef = 669349741B427A1E007482C8 /* rotation@2x.png */; };
/* End PBXBuildFile section */

/* Begin PBXContainerItemProxy section */
		6693495F1B4278D2007482C8 /* PBXContainerItemProxy */ = {
			isa = PBXContainerItemProxy;
			containerPortal = 6693493D1B4278D2007482C8 /* Project object */;
			proxyType = 1;
			remoteGlobalIDString = 669349441B4278D2007482C8;
			remoteInfo = FanAnimationToll;
		};
/* End PBXContainerItemProxy section */

/* Begin PBXFileReference section */
		669349451B4278D2007482C8 /* FanAnimationToll.app */ = {isa = PBXFileReference; explicitFileType = wrapper.application; includeInIndex = 0; path = FanAnimationToll.app; sourceTree = BUILT_PRODUCTS_DIR; };
		669349491B4278D2007482C8 /* Info.plist */ = {isa = PBXFileReference; lastKnownFileType = text.plist.xml; path = Info.plist; sourceTree = "<group>"; };
		6693494A1B4278D2007482C8 /* main.m */ = {isa = PBXFileReference; lastKnownFileType = sourcecode.c.objc; path = main.m; sourceTree = "<group>"; };
		6693494C1B4278D2007482C8 /* AppDelegate.h */ = {isa = PBXFileReference; lastKnownFileType = sourcecode.c.h; path = AppDelegate.h; sourceTree = "<group>"; };
		6693494D1B4278D2007482C8 /* AppDelegate.m */ = {isa = PBXFileReference; lastKnownFileType = sourcecode.c.objc; path = AppDelegate.m; sourceTree = "<group>"; };
		6693494F1B4278D2007482C8 /* ViewController.h */ = {isa = PBXFileReference; lastKnownFileType = sourcecode.c.h; path = ViewController.h; sourceTree = "<group>"; };
		669349501B4278D2007482C8 /* ViewController.m */ = {isa = PBXFileReference; lastKnownFileType = sourcecode.c.objc; path = ViewController.m; sourceTree = "<group>"; };
		669349531B4278D2007482C8 /* Base */ = {isa = PBXFileReference; lastKnownFileType = file.storyboard; name = Base; path = Base.lproj/Main.storyboard; sourceTree = "<group>"; };
		669349551B4278D2007482C8 /* Images.xcassets */ = {isa = PBXFileReference; lastKnownFileType = folder.assetcatalog; path = Images.xcassets; sourceTree = "<group>"; };
		669349581B4278D2007482C8 /* Base */ = {isa = PBXFileReference; lastKnownFileType = file.xib; name = Base; path = Base.lproj/LaunchScreen.xib; sourceTree = "<group>"; };
		6693495E1B4278D2007482C8 /* FanAnimationTollTests.xctest */ = {isa = PBXFileReference; explicitFileType = wrapper.cfbundle; includeInIndex = 0; path = FanAnimationTollTests.xctest; sourceTree = BUILT_PRODUCTS_DIR; };
		669349631B4278D2007482C8 /* Info.plist */ = {isa = PBXFileReference; lastKnownFileType = text.plist.xml; path = Info.plist; sourceTree = "<group>"; };
		669349641B4278D2007482C8 /* FanAnimationTollTests.m */ = {isa = PBXFileReference; lastKnownFileType = sourcecode.c.objc; path = FanAnimationTollTests.m; sourceTree = "<group>"; };
		6693496F1B427922007482C8 /* FanAnimationToll.h */ = {isa = PBXFileReference; fileEncoding = 4; lastKnownFileType = sourcecode.c.h; path = FanAnimationToll.h; sourceTree = "<group>"; };
		669349701B427922007482C8 /* FanAnimationToll.m */ = {isa = PBXFileReference; fileEncoding = 4; lastKnownFileType = sourcecode.c.objc; path = FanAnimationToll.m; sourceTree = "<group>"; };
		669349731B427A1E007482C8 /* 1@2x.png */ = {isa = PBXFileReference; lastKnownFileType = image.png; path = "1@2x.png"; sourceTree = "<group>"; };
		669349741B427A1E007482C8 /* rotation@2x.png */ = {isa = PBXFileReference; lastKnownFileType = image.png; path = "rotation@2x.png"; sourceTree = "<group>"; };
/* End PBXFileReference section */

/* Begin PBXFrameworksBuildPhase section */
		669349421B4278D2007482C8 /* Frameworks */ = {
			isa = PBXFrameworksBuildPhase;
			buildActionMask = 2147483647;
			files = (
			);
			runOnlyForDeploymentPostprocessing = 0;
		};
		6693495B1B4278D2007482C8 /* Frameworks */ = {
			isa = PBXFrameworksBuildPhase;
			buildActionMask = 2147483647;
			files = (
			);
			runOnlyForDeploymentPostprocessing = 0;
		};
/* End PBXFrameworksBuildPhase section */

/* Begin PBXGroup section */
		6693493C1B4278D2007482C8 = {
			isa = PBXGroup;
			children = (
				669349471B4278D2007482C8 /* FanAnimationToll */,
				669349611B4278D2007482C8 /* FanAnimationTollTests */,
				669349461B4278D2007482C8 /* Products */,
			);
			sourceTree = "<group>";
		};
		669349461B4278D2007482C8 /* Products */ = {
			isa = PBXGroup;
			children = (
				669349451B4278D2007482C8 /* FanAnimationToll.app */,
				6693495E1B4278D2007482C8 /* FanAnimationTollTests.xctest */,
			);
			name = Products;
			sourceTree = "<group>";
		};
		669349471B4278D2007482C8 /* FanAnimationToll */ = {
			isa = PBXGroup;
			children = (
				669349721B427A0C007482C8 /* Images */,
				6693496E1B427922007482C8 /* FanAnimationToll */,
				6693494C1B4278D2007482C8 /* AppDelegate.h */,
				6693494D1B4278D2007482C8 /* AppDelegate.m */,
				6693494F1B4278D2007482C8 /* ViewController.h */,
				669349501B4278D2007482C8 /* ViewController.m */,
				669349521B4278D2007482C8 /* Main.storyboard */,
				669349551B4278D2007482C8 /* Images.xcassets */,
				669349571B4278D2007482C8 /* LaunchScreen.xib */,
				669349481B4278D2007482C8 /* Supporting Files */,
			);
			path = FanAnimationToll;
			sourceTree = "<group>";
		};
		669349481B4278D2007482C8 /* Supporting Files */ = {
			isa = PBXGroup;
			children = (
				669349491B4278D2007482C8 /* Info.plist */,
				6693494A1B4278D2007482C8 /* main.m */,
			);
			name = "Supporting Files";
			sourceTree = "<group>";
		};
		669349611B4278D2007482C8 /* FanAnimationTollTests */ = {
			isa = PBXGroup;
			children = (
				669349641B4278D2007482C8 /* FanAnimationTollTests.m */,
				669349621B4278D2007482C8 /* Supporting Files */,
			);
			path = FanAnimationTollTests;
			sourceTree = "<group>";
		};
		669349621B4278D2007482C8 /* Supporting Files */ = {
			isa = PBXGroup;
			children = (
				669349631B4278D2007482C8 /* Info.plist */,
			);
			name = "Supporting Files";
			sourceTree = "<group>";
		};
		6693496E1B427922007482C8 /* FanAnimationToll */ = {
			isa = PBXGroup;
			children = (
				6693496F1B427922007482C8 /* FanAnimationToll.h */,
				669349701B427922007482C8 /* FanAnimationToll.m */,
			);
			path = FanAnimationToll;
			sourceTree = "<group>";
		};
		669349721B427A0C007482C8 /* Images */ = {
			isa = PBXGroup;
			children = (
				669349731B427A1E007482C8 /* 1@2x.png */,
				669349741B427A1E007482C8 /* rotation@2x.png */,
			);
			path = Images;
			sourceTree = "<group>";
		};
/* End PBXGroup section */

/* Begin PBXNativeTarget section */
		669349441B4278D2007482C8 /* FanAnimationToll */ = {
			isa = PBXNativeTarget;
			buildConfigurationList = 669349681B4278D2007482C8 /* Build configuration list for PBXNativeTarget "FanAnimationToll" */;
			buildPhases = (
				669349411B4278D2007482C8 /* Sources */,
				669349421B4278D2007482C8 /* Frameworks */,
				669349431B4278D2007482C8 /* Resources */,
			);
			buildRules = (
			);
			dependencies = (
			);
			name = FanAnimationToll;
			productName = FanAnimationToll;
			productReference = 669349451B4278D2007482C8 /* FanAnimationToll.app */;
			productType = "com.apple.product-type.application";
		};
		6693495D1B4278D2007482C8 /* FanAnimationTollTests */ = {
			isa = PBXNativeTarget;
			buildConfigurationList = 6693496B1B4278D2007482C8 /* Build configuration list for PBXNativeTarget "FanAnimationTollTests" */;
			buildPhases = (
				6693495A1B4278D2007482C8 /* Sources */,
				6693495B1B4278D2007482C8 /* Frameworks */,
				6693495C1B4278D2007482C8 /* Resources */,
			);
			buildRules = (
			);
			dependencies = (
				669349601B4278D2007482C8 /* PBXTargetDependency */,
			);
			name = FanAnimationTollTests;
			productName = FanAnimationTollTests;
			productReference = 6693495E1B4278D2007482C8 /* FanAnimationTollTests.xctest */;
			productType = "com.apple.product-type.bundle.unit-test";
		};
/* End PBXNativeTarget section */

/* Begin PBXProject section */
		6693493D1B4278D2007482C8 /* Project object */ = {
			isa = PBXProject;
			attributes = {
				LastUpgradeCheck = 0630;
				ORGANIZATIONNAME = "向阳凡";
				TargetAttributes = {
					669349441B4278D2007482C8 = {
						CreatedOnToolsVersion = 6.3.2;
					};
					6693495D1B4278D2007482C8 = {
						CreatedOnToolsVersion = 6.3.2;
						TestTargetID = 669349441B4278D2007482C8;
					};
				};
			};
			buildConfigurationList = 669349401B4278D2007482C8 /* Build configuration list for PBXProject "FanAnimationToll" */;
			compatibilityVersion = "Xcode 3.2";
			developmentRegion = English;
			hasScannedForEncodings = 0;
			knownRegions = (
				en,
				Base,
			);
			mainGroup = 6693493C1B4278D2007482C8;
			productRefGroup = 669349461B4278D2007482C8 /* Products */;
			projectDirPath = "";
			projectRoot = "";
			targets = (
				669349441B4278D2007482C8 /* FanAnimationToll */,
				6693495D1B4278D2007482C8 /* FanAnimationTollTests */,
			);
		};
/* End PBXProject section */

/* Begin PBXResourcesBuildPhase section */
		669349431B4278D2007482C8 /* Resources */ = {
			isa = PBXResourcesBuildPhase;
			buildActionMask = 2147483647;
			files = (
				669349541B4278D2007482C8 /* Main.storyboard in Resources */,
				669349761B427A1E007482C8 /* rotation@2x.png in Resources */,
				669349591B4278D2007482C8 /* LaunchScreen.xib in Resources */,
				669349751B427A1E007482C8 /* 1@2x.png in Resources */,
				669349561B4278D2007482C8 /* Images.xcassets in Resources */,
			);
			runOnlyForDeploymentPostprocessing = 0;
		};
		6693495C1B4278D2007482C8 /* Resources */ = {
			isa = PBXResourcesBuildPhase;
			buildActionMask = 2147483647;
			files = (
			);
			runOnlyForDeploymentPostprocessing = 0;
		};
/* End PBXResourcesBuildPhase section */

/* Begin PBXSourcesBuildPhase section */
		669349411B4278D2007482C8 /* Sources */ = {
			isa = PBXSourcesBuildPhase;
			buildActionMask = 2147483647;
			files = (
				669349511B4278D2007482C8 /* ViewController.m in Sources */,
				669349711B427922007482C8 /* FanAnimationToll.m in Sources */,
				6693494E1B4278D2007482C8 /* AppDelegate.m in Sources */,
				6693494B1B4278D2007482C8 /* main.m in Sources */,
			);
			runOnlyForDeploymentPostprocessing = 0;
		};
		6693495A1B4278D2007482C8 /* Sources */ = {
			isa = PBXSourcesBuildPhase;
			buildActionMask = 2147483647;
			files = (
				669349651B4278D2007482C8 /* FanAnimationTollTests.m in Sources */,
			);
			runOnlyForDeploymentPostprocessing = 0;
		};
/* End PBXSourcesBuildPhase section */

/* Begin PBXTargetDependency section */
		669349601B4278D2007482C8 /* PBXTargetDependency */ = {
			isa = PBXTargetDependency;
			target = 669349441B4278D2007482C8 /* FanAnimationToll */;
			targetProxy = 6693495F1B4278D2007482C8 /* PBXContainerItemProxy */;
		};
/* End PBXTargetDependency section */

/* Begin PBXVariantGroup section */
		669349521B4278D2007482C8 /* Main.storyboard */ = {
			isa = PBXVariantGroup;
			children = (
				669349531B4278D2007482C8 /* Base */,
			);
			name = Main.storyboard;
			sourceTree = "<group>";
		};
		669349571B4278D2007482C8 /* LaunchScreen.xib */ = {
			isa = PBXVariantGroup;
			children = (
				669349581B4278D2007482C8 /* Base */,
			);
			name = LaunchScreen.xib;
			sourceTree = "<group>";
		};
/* End PBXVariantGroup section */

/* Begin XCBuildConfiguration section */
		669349661B4278D2007482C8 /* Debug */ = {
			isa = XCBuildConfiguration;
			buildSettings = {
				ALWAYS_SEARCH_USER_PATHS = NO;
				CLANG_CXX_LANGUAGE_STANDARD = "gnu++0x";
				CLANG_CXX_LIBRARY = "libc++";
				CLANG_ENABLE_MODULES = YES;
				CLANG_ENABLE_OBJC_ARC = YES;
				CLANG_WARN_BOOL_CONVERSION = YES;
				CLANG_WARN_CONSTANT_CONVERSION = YES;
				CLANG_WARN_DIRECT_OBJC_ISA_USAGE = YES_ERROR;
				CLANG_WARN_EMPTY_BODY = YES;
				CLANG_WARN_ENUM_CONVERSION = YES;
				CLANG_WARN_INT_CONVERSION = YES;
				CLANG_WARN_OBJC_ROOT_CLASS = YES_ERROR;
				CLANG_WARN_UNREACHABLE_CODE = YES;
				CLANG_WARN__DUPLICATE_METHOD_MATCH = YES;
				"CODE_SIGN_IDENTITY[sdk=iphoneos*]" = "iPhone Developer";
				COPY_PHASE_STRIP = NO;
				DEBUG_INFORMATION_FORMAT = "dwarf-with-dsym";
				ENABLE_STRICT_OBJC_MSGSEND = YES;
				GCC_C_LANGUAGE_STANDARD = gnu99;
				GCC_DYNAMIC_NO_PIC = NO;
				GCC_NO_COMMON_BLOCKS = YES;
				GCC_OPTIMIZATION_LEVEL = 0;
				GCC_PREPROCESSOR_DEFINITIONS = (
					"DEBUG=1",
					"$(inherited)",
				);
				GCC_SYMBOLS_PRIVATE_EXTERN = NO;
				GCC_WARN_64_TO_32_BIT_CONVERSION = YES;
				GCC_WARN_ABOUT_RETURN_TYPE = YES_ERROR;
				GCC_WARN_UNDECLARED_SELECTOR = YES;
				GCC_WARN_UNINITIALIZED_AUTOS = YES_AGGRESSIVE;
				GCC_WARN_UNUSED_FUNCTION = YES;
				GCC_WARN_UNUSED_VARIABLE = YES;
				IPHONEOS_DEPLOYMENT_TARGET = 8.3;
				MTL_ENABLE_DEBUG_INFO = YES;
				ONLY_ACTIVE_ARCH = YES;
				SDKROOT = iphoneos;
				TARGETED_DEVICE_FAMILY = "1,2";
			};
			name = Debug;
		};
		669349671B4278D2007482C8 /* Release */ = {
			isa = XCBuildConfiguration;
			buildSettings = {
				ALWAYS_SEARCH_USER_PATHS = NO;
				CLANG_CXX_LANGUAGE_STANDARD = "gnu++0x";
				CLANG_CXX_LIBRARY = "libc++";
				CLANG_ENABLE_MODULES = YES;
				CLANG_ENABLE_OBJC_ARC = YES;
				CLANG_WARN_BOOL_CONVERSION = YES;
				CLANG_WARN_CONSTANT_CONVERSION = YES;
				CLANG_WARN_DIRECT_OBJC_ISA_USAGE = YES_ERROR;
				CLANG_WARN_EMPTY_BODY = YES;
				CLANG_WARN_ENUM_CONVERSION = YES;
				CLANG_WARN_INT_CONVERSION = YES;
				CLANG_WARN_OBJC_ROOT_CLASS = YES_ERROR;
				CLANG_WARN_UNREACHABLE_CODE = YES;
				CLANG_WARN__DUPLICATE_METHOD_MATCH = YES;
				"CODE_SIGN_IDENTITY[sdk=iphoneos*]" = "iPhone Developer";
				COPY_PHASE_STRIP = NO;
				DEBUG_INFORMATION_FORMAT = "dwarf-with-dsym";
				ENABLE_NS_ASSERTIONS = NO;
				ENABLE_STRICT_OBJC_MSGSEND = YES;
				GCC_C_LANGUAGE_STANDARD = gnu99;
				GCC_NO_COMMON_BLOCKS = YES;
				GCC_WARN_64_TO_32_BIT_CONVERSION = YES;
				GCC_WARN_ABOUT_RETURN_TYPE = YES_ERROR;
				GCC_WARN_UNDECLARED_SELECTOR = YES;
				GCC_WARN_UNINITIALIZED_AUTOS = YES_AGGRESSIVE;
				GCC_WARN_UNUSED_FUNCTION = YES;
				GCC_WARN_UNUSED_VARIABLE = YES;
				IPHONEOS_DEPLOYMENT_TARGET = 8.3;
				MTL_ENABLE_DEBUG_INFO = NO;
				SDKROOT = iphoneos;
				TARGETED_DEVICE_FAMILY = "1,2";
				VALIDATE_PRODUCT = YES;
			};
			name = Release;
		};
		669349691B4278D2007482C8 /* Debug */ = {
			isa = XCBuildConfiguration;
			buildSettings = {
				ASSETCATALOG_COMPILER_APPICON_NAME = AppIcon;
				INFOPLIST_FILE = FanAnimationToll/Info.plist;
				LD_RUNPATH_SEARCH_PATHS = "$(inherited) @executable_path/Frameworks";
				PRODUCT_NAME = "$(TARGET_NAME)";
			};
			name = Debug;
		};
		6693496A1B4278D2007482C8 /* Release */ = {
			isa = XCBuildConfiguration;
			buildSettings = {
				ASSETCATALOG_COMPILER_APPICON_NAME = AppIcon;
				INFOPLIST_FILE = FanAnimationToll/Info.plist;
				LD_RUNPATH_SEARCH_PATHS = "$(inherited) @executable_path/Frameworks";
				PRODUCT_NAME = "$(TARGET_NAME)";
			};
			name = Release;
		};
		6693496C1B4278D2007482C8 /* Debug */ = {
			isa = XCBuildConfiguration;
			buildSettings = {
				BUNDLE_LOADER = "$(TEST_HOST)";
				FRAMEWORK_SEARCH_PATHS = (
					"$(SDKROOT)/Developer/Library/Frameworks",
					"$(inherited)",
				);
				GCC_PREPROCESSOR_DEFINITIONS = (
					"DEBUG=1",
					"$(inherited)",
				);
				INFOPLIST_FILE = FanAnimationTollTests/Info.plist;
				LD_RUNPATH_SEARCH_PATHS = "$(inherited) @executable_path/Frameworks @loader_path/Frameworks";
				PRODUCT_NAME = "$(TARGET_NAME)";
				TEST_HOST = "$(BUILT_PRODUCTS_DIR)/FanAnimationToll.app/FanAnimationToll";
			};
			name = Debug;
		};
		6693496D1B4278D2007482C8 /* Release */ = {
			isa = XCBuildConfiguration;
			buildSettings = {
				BUNDLE_LOADER = "$(TEST_HOST)";
				FRAMEWORK_SEARCH_PATHS = (
					"$(SDKROOT)/Developer/Library/Frameworks",
					"$(inherited)",
				);
				INFOPLIST_FILE = FanAnimationTollTests/Info.plist;
				LD_RUNPATH_SEARCH_PATHS = "$(inherited) @executable_path/Frameworks @loader_path/Frameworks";
				PRODUCT_NAME = "$(TARGET_NAME)";
				TEST_HOST = "$(BUILT_PRODUCTS_DIR)/FanAnimationToll.app/FanAnimationToll";
			};
			name = Release;
		};
/* End XCBuildConfiguration section */

/* Begin XCConfigurationList section */
		669349401B4278D2007482C8 /* Build configuration list for PBXProject "FanAnimationToll" */ = {
			isa = XCConfigurationList;
			buildConfigurations = (
				669349661B4278D2007482C8 /* Debug */,
				669349671B4278D2007482C8 /* Release */,
			);
			defaultConfigurationIsVisible = 0;
			defaultConfigurationName = Release;
		};
		669349681B4278D2007482C8 /* Build configuration list for PBXNativeTarget "FanAnimationToll" */ = {
			isa = XCConfigurationList;
			buildConfigurations = (
				669349691B4278D2007482C8 /* Debug */,
				6693496A1B4278D2007482C8 /* Release */,
			);
			defaultConfigurationIsVisible = 0;
		};
		6693496B1B4278D2007482C8 /* Build configuration list for PBXNativeTarget "FanAnimationTollTests" */ = {
			isa = XCConfigurationList;
			buildConfigurations = (
				6693496C1B4278D2007482C8 /* Debug */,
				6693496D1B4278D2007482C8 /* Release */,
			);
			defaultConfigurationIsVisible = 0;
		};
/* End XCConfigurationList section */
	};
	rootObject = 6693493D1B4278D2007482C8 /* Project object */;
}
